
Microsoft Visual Studio Solution File, Format Version 12.00
# Visual Studio Version 17
VisualStudioVersion = 17.6.33815.320
MinimumVisualStudioVersion = 10.0.40219.1
Project("{FAE04EC0-301F-11D3-BF4B-00C04F79EFBC}") = "FastReportImageExportTest", "FastReportImageExportTest.csproj", "{CAE90FE3-1A8B-4C2F-BAA0-38F769C565DD}"
EndProject
Global
	GlobalSection(SolutionConfigurationPlatforms) = preSolution
		Debug|Any CPU = Debug|Any CPU
		Release|Any CPU = Release|Any CPU
	EndGlobalSection
	GlobalSection(ProjectConfigurationPlatforms) = postSolution
		{CAE90FE3-1A8B-4C2F-BAA0-38F769C565DD}.Debug|Any CPU.ActiveCfg = Debug|Any CPU
		{CAE90FE3-1A8B-4C2F-BAA0-38F769C565DD}.Debug|Any CPU.Build.0 = Debug|Any CPU
		{CAE90FE3-1A8B-4C2F-BAA0-38F769C565DD}.Release|Any CPU.ActiveCfg = Release|Any CPU
		{CAE90FE3-1A8B-4C2F-BAA0-38F769C565DD}.Release|Any CPU.Build.0 = Release|Any CPU
	EndGlobalSection
	GlobalSection(SolutionProperties) = preSolution
		HideSolutionNode = FALSE
	EndGlobalSection
	GlobalSection(ExtensibilityGlobals) = postSolution
		SolutionGuid = {CEE6036F-DA4E-49F1-9E01-61144060B1E1}
	EndGlobalSection
EndGlobal
